
Microsoft Visual Studio Solution File, Format Version 12.00
# Visual Studio 15
VisualStudioVersion = 15.0.28307.852
MinimumVisualStudioVersion = 10.0.40219.1
Project("{FAE04EC0-301F-11D3-BF4B-00C04F79EFBC}") = "GeoLib.Core", "GeoLib.Core\GeoLib.Core.csproj", "{461922D9-747F-4BB0-AC2E-4737139EEDB6}"
EndProject
Project("{FAE04EC0-301F-11D3-BF4B-00C04F79EFBC}") = "GeoLib.Data", "GeoLib.Data\GeoLib.Data.csproj", "{DB2CA02F-5D34-4734-8A44-634BFD381244}"
EndProject
Project("{FAE04EC0-301F-11D3-BF4B-00C04F79EFBC}") = "GeoLib.Contracts", "GeoLib.Contracts\GeoLib.Contracts.csproj", "{1AD991E6-0817-4C4E-BFC9-BBA40A66D373}"
EndProject
Project("{FAE04EC0-301F-11D3-BF4B-00C04F79EFBC}") = "GeoLib.Services", "GeoLib.Services\GeoLib.Services.csproj", "{AAAE8880-9AB0-40ED-B59D-1F5BAD8AADA3}"
EndProject
Project("{FAE04EC0-301F-11D3-BF4B-00C04F79EFBC}") = "GeoLib.Test", "GeoLib.Test\GeoLib.Test.csproj", "{F33768D9-77C7-4F6B-9B66-623AACBE1473}"
EndProject
Project("{2150E333-8FDC-42A3-9474-1A3956D46DE8}") = "Hosting", "Hosting", "{BD301D94-B2C4-4C06-B0ED-C0A31A7CEAFD}"
EndProject
Project("{FAE04EC0-301F-11D3-BF4B-00C04F79EFBC}") = "GeoLib.ConsoleHost", "GeoLib.ConsoleHost\GeoLib.ConsoleHost.csproj", "{96C6268A-7F04-4C34-8266-A76CD1EF3A42}"
EndProject
Project("{FAE04EC0-301F-11D3-BF4B-00C04F79EFBC}") = "GeoLib.WebHost", "GeoLib.WebHost\GeoLib.WebHost.csproj", "{CD1A8886-2F10-4676-8BEB-3AC38122D125}"
EndProject
Project("{FAE04EC0-301F-11D3-BF4B-00C04F79EFBC}") = "GeoLib.WindowsHost", "GeoLib.WindowsHost\GeoLib.WindowsHost.csproj", "{1C23C49F-C45E-4452-9FDC-3DF08F46AB77}"
EndProject
Global
	GlobalSection(SolutionConfigurationPlatforms) = preSolution
		Debug|Any CPU = Debug|Any CPU
		Release|Any CPU = Release|Any CPU
	EndGlobalSection
	GlobalSection(ProjectConfigurationPlatforms) = postSolution
		{461922D9-747F-4BB0-AC2E-4737139EEDB6}.Debug|Any CPU.ActiveCfg = Debug|Any CPU
		{461922D9-747F-4BB0-AC2E-4737139EEDB6}.Debug|Any CPU.Build.0 = Debug|Any CPU
		{461922D9-747F-4BB0-AC2E-4737139EEDB6}.Release|Any CPU.ActiveCfg = Release|Any CPU
		{461922D9-747F-4BB0-AC2E-4737139EEDB6}.Release|Any CPU.Build.0 = Release|Any CPU
		{DB2CA02F-5D34-4734-8A44-634BFD381244}.Debug|Any CPU.ActiveCfg = Debug|Any CPU
		{DB2CA02F-5D34-4734-8A44-634BFD381244}.Debug|Any CPU.Build.0 = Debug|Any CPU
		{DB2CA02F-5D34-4734-8A44-634BFD381244}.Release|Any CPU.ActiveCfg = Release|Any CPU
		{DB2CA02F-5D34-4734-8A44-634BFD381244}.Release|Any CPU.Build.0 = Release|Any CPU
		{1AD991E6-0817-4C4E-BFC9-BBA40A66D373}.Debug|Any CPU.ActiveCfg = Debug|Any CPU
		{1AD991E6-0817-4C4E-BFC9-BBA40A66D373}.Debug|Any CPU.Build.0 = Debug|Any CPU
		{1AD991E6-0817-4C4E-BFC9-BBA40A66D373}.Release|Any CPU.ActiveCfg = Release|Any CPU
		{1AD991E6-0817-4C4E-BFC9-BBA40A66D373}.Release|Any CPU.Build.0 = Release|Any CPU
		{AAAE8880-9AB0-40ED-B59D-1F5BAD8AADA3}.Debug|Any CPU.ActiveCfg = Debug|Any CPU
		{AAAE8880-9AB0-40ED-B59D-1F5BAD8AADA3}.Debug|Any CPU.Build.0 = Debug|Any CPU
		{AAAE8880-9AB0-40ED-B59D-1F5BAD8AADA3}.Release|Any CPU.ActiveCfg = Release|Any CPU
		{AAAE8880-9AB0-40ED-B59D-1F5BAD8AADA3}.Release|Any CPU.Build.0 = Release|Any CPU
		{F33768D9-77C7-4F6B-9B66-623AACBE1473}.Debug|Any CPU.ActiveCfg = Debug|Any CPU
		{F33768D9-77C7-4F6B-9B66-623AACBE1473}.Debug|Any CPU.Build.0 = Debug|Any CPU
		{F33768D9-77C7-4F6B-9B66-623AACBE1473}.Release|Any CPU.ActiveCfg = Release|Any CPU
		{F33768D9-77C7-4F6B-9B66-623AACBE1473}.Release|Any CPU.Build.0 = Release|Any CPU
		{96C6268A-7F04-4C34-8266-A76CD1EF3A42}.Debug|Any CPU.ActiveCfg = Debug|Any CPU
		{96C6268A-7F04-4C34-8266-A76CD1EF3A42}.Debug|Any CPU.Build.0 = Debug|Any CPU
		{96C6268A-7F04-4C34-8266-A76CD1EF3A42}.Release|Any CPU.ActiveCfg = Release|Any CPU
		{96C6268A-7F04-4C34-8266-A76CD1EF3A42}.Release|Any CPU.Build.0 = Release|Any CPU
		{CD1A8886-2F10-4676-8BEB-3AC38122D125}.Debug|Any CPU.ActiveCfg = Debug|Any CPU
		{CD1A8886-2F10-4676-8BEB-3AC38122D125}.Debug|Any CPU.Build.0 = Debug|Any CPU
		{CD1A8886-2F10-4676-8BEB-3AC38122D125}.Release|Any CPU.ActiveCfg = Release|Any CPU
		{CD1A8886-2F10-4676-8BEB-3AC38122D125}.Release|Any CPU.Build.0 = Release|Any CPU
		{1C23C49F-C45E-4452-9FDC-3DF08F46AB77}.Debug|Any CPU.ActiveCfg = Debug|Any CPU
		{1C23C49F-C45E-4452-9FDC-3DF08F46AB77}.Debug|Any CPU.Build.0 = Debug|Any CPU
		{1C23C49F-C45E-4452-9FDC-3DF08F46AB77}.Release|Any CPU.ActiveCfg = Release|Any CPU
		{1C23C49F-C45E-4452-9FDC-3DF08F46AB77}.Release|Any CPU.Build.0 = Release|Any CPU
	EndGlobalSection
	GlobalSection(SolutionProperties) = preSolution
		HideSolutionNode = FALSE
	EndGlobalSection
	GlobalSection(NestedProjects) = preSolution
		{96C6268A-7F04-4C34-8266-A76CD1EF3A42} = {BD301D94-B2C4-4C06-B0ED-C0A31A7CEAFD}
		{CD1A8886-2F10-4676-8BEB-3AC38122D125} = {BD301D94-B2C4-4C06-B0ED-C0A31A7CEAFD}
		{1C23C49F-C45E-4452-9FDC-3DF08F46AB77} = {BD301D94-B2C4-4C06-B0ED-C0A31A7CEAFD}
	EndGlobalSection
	GlobalSection(ExtensibilityGlobals) = postSolution
		SolutionGuid = {A9ABDD32-CE0C-43C1-BCF6-E53E6CBDB995}
	EndGlobalSection
EndGlobal
