
Microsoft Visual Studio Solution File, Format Version 12.00
# Visual Studio 15
VisualStudioVersion = 15.0.28307.852
MinimumVisualStudioVersion = 10.0.40219.1
Project("{FAE04EC0-301F-11D3-BF4B-00C04F79EFBC}") = "GeoLib.Proxies", "GeoLib.Proxies\GeoLib.Proxies.csproj", "{0D6BD6BD-7997-4A7D-8005-DCCADCE12EC6}"
EndProject
Project("{FAE04EC0-301F-11D3-BF4B-00C04F79EFBC}") = "GeoLib.Client", "GeoLib.Client\GeoLib.Client.csproj", "{3DD22C35-579D-4659-A3E8-603A7AB09F9E}"
EndProject
Global
	GlobalSection(SolutionConfigurationPlatforms) = preSolution
		Debug|Any CPU = Debug|Any CPU
		Release|Any CPU = Release|Any CPU
	EndGlobalSection
	GlobalSection(ProjectConfigurationPlatforms) = postSolution
		{0D6BD6BD-7997-4A7D-8005-DCCADCE12EC6}.Debug|Any CPU.ActiveCfg = Debug|Any CPU
		{0D6BD6BD-7997-4A7D-8005-DCCADCE12EC6}.Debug|Any CPU.Build.0 = Debug|Any CPU
		{0D6BD6BD-7997-4A7D-8005-DCCADCE12EC6}.Release|Any CPU.ActiveCfg = Release|Any CPU
		{0D6BD6BD-7997-4A7D-8005-DCCADCE12EC6}.Release|Any CPU.Build.0 = Release|Any CPU
		{3DD22C35-579D-4659-A3E8-603A7AB09F9E}.Debug|Any CPU.ActiveCfg = Debug|Any CPU
		{3DD22C35-579D-4659-A3E8-603A7AB09F9E}.Debug|Any CPU.Build.0 = Debug|Any CPU
		{3DD22C35-579D-4659-A3E8-603A7AB09F9E}.Release|Any CPU.ActiveCfg = Release|Any CPU
		{3DD22C35-579D-4659-A3E8-603A7AB09F9E}.Release|Any CPU.Build.0 = Release|Any CPU
	EndGlobalSection
	GlobalSection(SolutionProperties) = preSolution
		HideSolutionNode = FALSE
	EndGlobalSection
	GlobalSection(ExtensibilityGlobals) = postSolution
		SolutionGuid = {051868A7-4305-49C9-815D-F2C340B0EB1C}
	EndGlobalSection
EndGlobal
